{
  "name": "testangular",
  "lockfileVersion": 2,
  "requires": true,
  "packages": {
    "": {
      "dependencies": {
        "@angular/animations": "^15.1.2",
        "ngx-clipboard": "^15.1.0",
        "ngx-toastr": "^16.0.2",
        "short-crypt": "^2.1.1",
        "uniqid": "^5.4.0"
      }
    },
    "node_modules/@angular/animations": {
      "version": "15.1.2",
      "resolved": "https://registry.npmjs.org/@angular/animations/-/animations-15.1.2.tgz",
      "integrity": "sha512-Bamm2gNdSMVeXEFwlXG75rx49NJfbupDQM6geix0uI30iVCYlufPz+kMe4SzpasO5hHzP7Pat3cmEu4356It+g==",
      "dependencies": {
        "tslib": "^2.3.0"
      },
      "engines": {
        "node": "^14.20.0 || ^16.13.0 || >=18.10.0"
      },
      "peerDependencies": {
        "@angular/core": "15.1.2"
      }
    },
    "node_modules/@angular/common": {
      "version": "15.1.2",
      "resolved": "https://registry.npmjs.org/@angular/common/-/common-15.1.2.tgz",
      "integrity": "sha512-1Ra6EoaZjPcdDsGBge3qSajO1ECYceX+2EWHdjvJ9ZEIaXsLNFMQBUMgJnjsnrojs9Gd3bxJ0WHkahij5/8WNA==",
      "peer": true,
      "dependencies": {
        "tslib": "^2.3.0"
      },
      "engines": {
        "node": "^14.20.0 || ^16.13.0 || >=18.10.0"
      },
      "peerDependencies": {
        "@angular/core": "15.1.2",
        "rxjs": "^6.5.3 || ^7.4.0"
      }
    },
    "node_modules/@angular/core": {
      "version": "15.1.2",
      "resolved": "https://registry.npmjs.org/@angular/core/-/core-15.1.2.tgz",
      "integrity": "sha512-K9pz6Bq6RuY/OWhKLZT1JQvk4orvU9wozgXY8cZaOGmNCQQ7sJv5zGkO5csO6o1ON1v/AHowrP/FAF1i8tml5g==",
      "peer": true,
      "dependencies": {
        "tslib": "^2.3.0"
      },
      "engines": {
        "node": "^14.20.0 || ^16.13.0 || >=18.10.0"
      },
      "peerDependencies": {
        "rxjs": "^6.5.3 || ^7.4.0",
        "zone.js": "~0.11.4 || ~0.12.0"
      }
    },
    "node_modules/@angular/platform-browser": {
      "version": "15.1.2",
      "resolved": "https://registry.npmjs.org/@angular/platform-browser/-/platform-browser-15.1.2.tgz",
      "integrity": "sha512-eWyfUOFZ05vB0UfPUTPK7pPJZjFtbGZlJOea3IUqEohuyRqq3CqYCrv7SVXGKQVOx1qRA0Ckr9FOB8/qYbTq1A==",
      "peer": true,
      "dependencies": {
        "tslib": "^2.3.0"
      },
      "engines": {
        "node": "^14.20.0 || ^16.13.0 || >=18.10.0"
      },
      "peerDependencies": {
        "@angular/animations": "15.1.2",
        "@angular/common": "15.1.2",
        "@angular/core": "15.1.2"
      },
      "peerDependenciesMeta": {
        "@angular/animations": {
          "optional": true
        }
      }
    },
    "node_modules/long": {
      "version": "5.2.1",
      "resolved": "https://registry.npmjs.org/long/-/long-5.2.1.tgz",
      "integrity": "sha512-GKSNGeNAtw8IryjjkhZxuKB3JzlcLTwjtiQCHKvqQet81I93kXslhDQruGI/QsddO83mcDToBVy7GqGS/zYf/A=="
    },
    "node_modules/ngx-clipboard": {
      "version": "15.1.0",
      "resolved": "https://registry.npmjs.org/ngx-clipboard/-/ngx-clipboard-15.1.0.tgz",
      "integrity": "sha512-dUJl1cNtdkCqL953oAhP7wmUPFrqW2aDg5OPhwPU9R3cLEdQgU2NbsHEUz4zaPyEopTXu8SR37onVm1Ep8qOHg==",
      "dependencies": {
        "ngx-window-token": ">=6.0.0",
        "tslib": "^2.0.0"
      },
      "peerDependencies": {
        "@angular/common": ">=13.0.0",
        "@angular/core": ">=13.0.0"
      }
    },
    "node_modules/ngx-toastr": {
      "version": "16.0.2",
      "resolved": "https://registry.npmjs.org/ngx-toastr/-/ngx-toastr-16.0.2.tgz",
      "integrity": "sha512-J6SueNCaGwm/gpXdsG56UzMEAcuayYWEW6NmIrNoe5iP7lOUohg4xYXWipkbMH9wGWmLPD9gU8AufUVWMplCvg==",
      "dependencies": {
        "tslib": "^2.3.0"
      },
      "peerDependencies": {
        "@angular/common": ">=14.0.0-0",
        "@angular/core": ">=14.0.0-0",
        "@angular/platform-browser": ">=14.0.0-0"
      }
    },
    "node_modules/ngx-window-token": {
      "version": "6.0.0",
      "resolved": "https://registry.npmjs.org/ngx-window-token/-/ngx-window-token-6.0.0.tgz",
      "integrity": "sha512-IeLKO1jzfzSvZ6vlAt4QSY/B5XcHEhdOwTjqvWEPt6/esWV9T3mA2ln10kj6SCc9pUSx4NybxE10gcyyYroImg==",
      "dependencies": {
        "tslib": "^2.0.0"
      },
      "engines": {
        "node": ">=12.20.x"
      },
      "peerDependencies": {
        "@angular/common": ">=13.0.0",
        "@angular/core": ">=13.0.0"
      }
    },
    "node_modules/rfc4648": {
      "version": "1.5.2",
      "resolved": "https://registry.npmjs.org/rfc4648/-/rfc4648-1.5.2.tgz",
      "integrity": "sha512-tLOizhR6YGovrEBLatX1sdcuhoSCXddw3mqNVAcKxGJ+J0hFeJ+SjeWCv5UPA/WU3YzWPPuCVYgXBKZUPGpKtg=="
    },
    "node_modules/rxjs": {
      "version": "7.8.0",
      "resolved": "https://registry.npmjs.org/rxjs/-/rxjs-7.8.0.tgz",
      "integrity": "sha512-F2+gxDshqmIub1KdvZkaEfGDwLNpPvk9Fs6LD/MyQxNgMds/WH9OdDDXOmxUZpME+iSK3rQCctkL0DYyytUqMg==",
      "peer": true,
      "dependencies": {
        "tslib": "^2.1.0"
      }
    },
    "node_modules/short-crypt": {
      "version": "2.1.1",
      "resolved": "https://registry.npmjs.org/short-crypt/-/short-crypt-2.1.1.tgz",
      "integrity": "sha512-R15NA7iqKWvEdeJimLnWaVBU2X9rC6SkSvkoXpopw5+UiMY6FiLAoigmAoAQTIIb4lXS3iRJSIwvDcAIVffyRg==",
      "dependencies": {
        "long": "^5.2.1",
        "rfc4648": "^1.5.2"
      },
      "engines": {
        "node": ">=16"
      }
    },
    "node_modules/tslib": {
      "version": "2.5.0",
      "resolved": "https://registry.npmjs.org/tslib/-/tslib-2.5.0.tgz",
      "integrity": "sha512-336iVw3rtn2BUK7ORdIAHTyxHGRIHVReokCR3XjbckJMK7ms8FysBfhLR8IXnAgy7T0PTPNBWKiH514FOW/WSg=="
    },
    "node_modules/uniqid": {
      "version": "5.4.0",
      "resolved": "https://registry.npmjs.org/uniqid/-/uniqid-5.4.0.tgz",
      "integrity": "sha512-38JRbJ4Fj94VmnC7G/J/5n5SC7Ab46OM5iNtSstB/ko3l1b5g7ALt4qzHFgGciFkyiRNtDXtLNb+VsxtMSE77A=="
    },
    "node_modules/zone.js": {
      "version": "0.12.0",
      "resolved": "https://registry.npmjs.org/zone.js/-/zone.js-0.12.0.tgz",
      "integrity": "sha512-XtC+I5dXU14HrzidAKBNMqneIVUykLEAA1x+v4KVrd6AUPWlwYORF8KgsVqvgdHiKZ4BkxxjvYi/ksEixTPR0Q==",
      "peer": true,
      "dependencies": {
        "tslib": "^2.3.0"
      }
    }
  },
  "dependencies": {
    "@angular/animations": {
      "version": "15.1.2",
      "resolved": "https://registry.npmjs.org/@angular/animations/-/animations-15.1.2.tgz",
      "integrity": "sha512-Bamm2gNdSMVeXEFwlXG75rx49NJfbupDQM6geix0uI30iVCYlufPz+kMe4SzpasO5hHzP7Pat3cmEu4356It+g==",
      "requires": {
        "tslib": "^2.3.0"
      }
    },
    "@angular/common": {
      "version": "15.1.2",
      "resolved": "https://registry.npmjs.org/@angular/common/-/common-15.1.2.tgz",
      "integrity": "sha512-1Ra6EoaZjPcdDsGBge3qSajO1ECYceX+2EWHdjvJ9ZEIaXsLNFMQBUMgJnjsnrojs9Gd3bxJ0WHkahij5/8WNA==",
      "peer": true,
      "requires": {
        "tslib": "^2.3.0"
      }
    },
    "@angular/core": {
      "version": "15.1.2",
      "resolved": "https://registry.npmjs.org/@angular/core/-/core-15.1.2.tgz",
      "integrity": "sha512-K9pz6Bq6RuY/OWhKLZT1JQvk4orvU9wozgXY8cZaOGmNCQQ7sJv5zGkO5csO6o1ON1v/AHowrP/FAF1i8tml5g==",
      "peer": true,
      "requires": {
        "tslib": "^2.3.0"
      }
    },
    "@angular/platform-browser": {
      "version": "15.1.2",
      "resolved": "https://registry.npmjs.org/@angular/platform-browser/-/platform-browser-15.1.2.tgz",
      "integrity": "sha512-eWyfUOFZ05vB0UfPUTPK7pPJZjFtbGZlJOea3IUqEohuyRqq3CqYCrv7SVXGKQVOx1qRA0Ckr9FOB8/qYbTq1A==",
      "peer": true,
      "requires": {
        "tslib": "^2.3.0"
      }
    },
    "long": {
      "version": "5.2.1",
      "resolved": "https://registry.npmjs.org/long/-/long-5.2.1.tgz",
      "integrity": "sha512-GKSNGeNAtw8IryjjkhZxuKB3JzlcLTwjtiQCHKvqQet81I93kXslhDQruGI/QsddO83mcDToBVy7GqGS/zYf/A=="
    },
    "ngx-clipboard": {
      "version": "15.1.0",
      "resolved": "https://registry.npmjs.org/ngx-clipboard/-/ngx-clipboard-15.1.0.tgz",
      "integrity": "sha512-dUJl1cNtdkCqL953oAhP7wmUPFrqW2aDg5OPhwPU9R3cLEdQgU2NbsHEUz4zaPyEopTXu8SR37onVm1Ep8qOHg==",
      "requires": {
        "ngx-window-token": ">=6.0.0",
        "tslib": "^2.0.0"
      }
    },
    "ngx-toastr": {
      "version": "16.0.2",
      "resolved": "https://registry.npmjs.org/ngx-toastr/-/ngx-toastr-16.0.2.tgz",
      "integrity": "sha512-J6SueNCaGwm/gpXdsG56UzMEAcuayYWEW6NmIrNoe5iP7lOUohg4xYXWipkbMH9wGWmLPD9gU8AufUVWMplCvg==",
      "requires": {
        "tslib": "^2.3.0"
      }
    },
    "ngx-window-token": {
      "version": "6.0.0",
      "resolved": "https://registry.npmjs.org/ngx-window-token/-/ngx-window-token-6.0.0.tgz",
      "integrity": "sha512-IeLKO1jzfzSvZ6vlAt4QSY/B5XcHEhdOwTjqvWEPt6/esWV9T3mA2ln10kj6SCc9pUSx4NybxE10gcyyYroImg==",
      "requires": {
        "tslib": "^2.0.0"
      }
    },
    "rfc4648": {
      "version": "1.5.2",
      "resolved": "https://registry.npmjs.org/rfc4648/-/rfc4648-1.5.2.tgz",
      "integrity": "sha512-tLOizhR6YGovrEBLatX1sdcuhoSCXddw3mqNVAcKxGJ+J0hFeJ+SjeWCv5UPA/WU3YzWPPuCVYgXBKZUPGpKtg=="
    },
    "rxjs": {
      "version": "7.8.0",
      "resolved": "https://registry.npmjs.org/rxjs/-/rxjs-7.8.0.tgz",
      "integrity": "sha512-F2+gxDshqmIub1KdvZkaEfGDwLNpPvk9Fs6LD/MyQxNgMds/WH9OdDDXOmxUZpME+iSK3rQCctkL0DYyytUqMg==",
      "peer": true,
      "requires": {
        "tslib": "^2.1.0"
      }
    },
    "short-crypt": {
      "version": "2.1.1",
      "resolved": "https://registry.npmjs.org/short-crypt/-/short-crypt-2.1.1.tgz",
      "integrity": "sha512-R15NA7iqKWvEdeJimLnWaVBU2X9rC6SkSvkoXpopw5+UiMY6FiLAoigmAoAQTIIb4lXS3iRJSIwvDcAIVffyRg==",
      "requires": {
        "long": "^5.2.1",
        "rfc4648": "^1.5.2"
      }
    },
    "tslib": {
      "version": "2.5.0",
      "resolved": "https://registry.npmjs.org/tslib/-/tslib-2.5.0.tgz",
      "integrity": "sha512-336iVw3rtn2BUK7ORdIAHTyxHGRIHVReokCR3XjbckJMK7ms8FysBfhLR8IXnAgy7T0PTPNBWKiH514FOW/WSg=="
    },
    "uniqid": {
      "version": "5.4.0",
      "resolved": "https://registry.npmjs.org/uniqid/-/uniqid-5.4.0.tgz",
      "integrity": "sha512-38JRbJ4Fj94VmnC7G/J/5n5SC7Ab46OM5iNtSstB/ko3l1b5g7ALt4qzHFgGciFkyiRNtDXtLNb+VsxtMSE77A=="
    },
    "zone.js": {
      "version": "0.12.0",
      "resolved": "https://registry.npmjs.org/zone.js/-/zone.js-0.12.0.tgz",
      "integrity": "sha512-XtC+I5dXU14HrzidAKBNMqneIVUykLEAA1x+v4KVrd6AUPWlwYORF8KgsVqvgdHiKZ4BkxxjvYi/ksEixTPR0Q==",
      "peer": true,
      "requires": {
        "tslib": "^2.3.0"
      }
    }
  }
}
